<?xml version="1.0" encoding="utf-8"?>
<Project ToolsVersion="4.0" xmlns="http://schemas.microsoft.com/developer/msbuild/2003">
  <ItemGroup>
    <Filter Include="src">
      <UniqueIdentifier>{27896a7e-6743-4da4-9278-960fc9851d96}</UniqueIdentifier>
    </Filter>
    <Filter Include="lib">
      <UniqueIdentifier>{c5a54dd9-b120-40dd-a648-6c94cef90df3}</UniqueIdentifier>
    </Filter>
    <Filter Include="lib\Utilitron">
      <UniqueIdentifier>{99ed684e-ce11-44b1-b770-5af920f9ba8b}</UniqueIdentifier>
    </Filter>
    <Filter Include="lib\Utilitron\exceptions">
      <UniqueIdentifier>{6d64b9e5-6229-498b-9fcf-498f6e76a5be}</UniqueIdentifier>
    </Filter>
    <Filter Include="src\entities">
      <UniqueIdentifier>{33ee1f91-7bce-46b4-b103-09ca9ff03fc1}</UniqueIdentifier>
    </Filter>
    <Filter Include="src\omicron">
      <UniqueIdentifier>{f4057924-fa69-486b-920f-f4bbdf5ec1c7}</UniqueIdentifier>
    </Filter>
    <Filter Include="src\omicron\display">
      <UniqueIdentifier>{0bbbf7a0-ed8e-4eaa-8c5d-4a42b7318972}</UniqueIdentifier>
    </Filter>
    <Filter Include="src\omicron\entity">
      <UniqueIdentifier>{86f70712-b5a2-44c0-810a-195db882984e}</UniqueIdentifier>
    </Filter>
    <Filter Include="src\omicron\logic">
      <UniqueIdentifier>{828a8e2c-b7f0-4cea-abd1-6c74b5e78e9a}</UniqueIdentifier>
    </Filter>
    <Filter Include="src\omicron\rendering">
      <UniqueIdentifier>{3ae3b4d0-a209-4d8b-a18e-3dff80251994}</UniqueIdentifier>
    </Filter>
    <Filter Include="src\omicron\scene">
      <UniqueIdentifier>{a76805b3-1356-4396-bbc7-80a07edc8bfb}</UniqueIdentifier>
    </Filter>
    <Filter Include="src\omicron\settings">
      <UniqueIdentifier>{4d9dc73c-b04b-495c-8775-b3e317352fe6}</UniqueIdentifier>
    </Filter>
    <Filter Include="src\omicron\system">
      <UniqueIdentifier>{70de2262-973b-43d1-b16a-49e740e08bd9}</UniqueIdentifier>
    </Filter>
    <Filter Include="src\override">
      <UniqueIdentifier>{bdd9be80-7c6f-47b1-b904-9fce8d0427d3}</UniqueIdentifier>
    </Filter>
    <Filter Include="src\omicron\component">
      <UniqueIdentifier>{b57db7f5-5a7a-40bf-9b9c-61a113a78086}</UniqueIdentifier>
    </Filter>
    <Filter Include="src\omicron\component\renderable">
      <UniqueIdentifier>{b13d3d8b-33bb-4548-9f90-839876c93c7e}</UniqueIdentifier>
    </Filter>
    <Filter Include="src\omicron\resource">
      <UniqueIdentifier>{61db4443-3620-47e1-ae8e-8f14303e7481}</UniqueIdentifier>
    </Filter>
    <Filter Include="src\omicron\resource\loader">
      <UniqueIdentifier>{ed4bb30c-c753-415b-95e0-a01a20b41754}</UniqueIdentifier>
    </Filter>
    <Filter Include="src\omicron\rendering\object_data">
      <UniqueIdentifier>{4d23ec87-835a-47a8-a786-d2e305357dd3}</UniqueIdentifier>
    </Filter>
    <Filter Include="src\omicron\rendering\shading">
      <UniqueIdentifier>{95a152d4-ffc6-4d84-9cfd-45228058a485}</UniqueIdentifier>
    </Filter>
    <Filter Include="src\omicron\resource\type">
      <UniqueIdentifier>{7fa02aa1-51ec-47f6-b2d6-c3a40effbfe6}</UniqueIdentifier>
    </Filter>
    <Filter Include="src\resource_pack">
      <UniqueIdentifier>{6eb55a57-ac25-49de-a5c8-e23da7ba6306}</UniqueIdentifier>
    </Filter>
    <Filter Include="src\entities\start_up">
      <UniqueIdentifier>{1eb47926-a456-4671-855e-27bb259ce2cc}</UniqueIdentifier>
    </Filter>
    <Filter Include="src\omicron\input">
      <UniqueIdentifier>{196baa94-4125-4429-b5fe-de12db176e3c}</UniqueIdentifier>
    </Filter>
    <Filter Include="src\omicron\audio">
      <UniqueIdentifier>{3147fabf-b4c6-4078-b0b8-23bfe9985186}</UniqueIdentifier>
    </Filter>
    <Filter Include="src\omicron\component\updatable">
      <UniqueIdentifier>{daff90d2-d7f0-437b-8c81-da02dc7ae9aa}</UniqueIdentifier>
    </Filter>
    <Filter Include="src\omicron\component\updatable\audio">
      <UniqueIdentifier>{7587a669-7ec5-4413-906a-787a9420110a}</UniqueIdentifier>
    </Filter>
    <Filter Include="src\omicron\component\physics">
      <UniqueIdentifier>{e7a10434-452b-42d2-b8dd-a75b6a0a2fda}</UniqueIdentifier>
    </Filter>
    <Filter Include="src\omicron\physics">
      <UniqueIdentifier>{08ee7ad3-8d3b-42e0-b294-f6fa9f576660}</UniqueIdentifier>
    </Filter>
    <Filter Include="src\omicron\physics\bounding">
      <UniqueIdentifier>{e8aa62dd-5c86-47b1-b770-12499c8df561}</UniqueIdentifier>
    </Filter>
    <Filter Include="src\omicron\physics\collision_detect">
      <UniqueIdentifier>{090bb25c-c225-4942-a60b-ea68224def29}</UniqueIdentifier>
    </Filter>
    <Filter Include="src\scenes">
      <UniqueIdentifier>{d65e5a69-7ead-41fe-8ca3-ff8bff1bab93}</UniqueIdentifier>
    </Filter>
    <Filter Include="src\scenes\start_up">
      <UniqueIdentifier>{d13ee407-c218-4702-93ed-b7a472717de9}</UniqueIdentifier>
    </Filter>
    <Filter Include="src\omicron\utilities">
      <UniqueIdentifier>{64550185-580f-40eb-a296-3dcd28347c7f}</UniqueIdentifier>
    </Filter>
    <Filter Include="src\omicron\data">
      <UniqueIdentifier>{9edff97f-3a31-4112-ab9c-3b181c4131db}</UniqueIdentifier>
    </Filter>
    <Filter Include="src\omicron\data\layers">
      <UniqueIdentifier>{5dfc73ac-a504-4ed9-9bb1-685a44a62653}</UniqueIdentifier>
    </Filter>
    <Filter Include="src\scenes\test">
      <UniqueIdentifier>{a3ce28e3-1d11-4e33-b66b-a6e633a985c2}</UniqueIdentifier>
    </Filter>
    <Filter Include="src\entities\test">
      <UniqueIdentifier>{f4c36794-3ab4-4856-8ca1-c2ec4b20ae4f}</UniqueIdentifier>
    </Filter>
    <Filter Include="src\omicron\component\light">
      <UniqueIdentifier>{9f2b73ce-76db-498c-a941-ab165ca0499f}</UniqueIdentifier>
    </Filter>
    <Filter Include="src\omicron\rendering\lighting">
      <UniqueIdentifier>{1350f2bb-8bc8-4467-8810-2599f1802141}</UniqueIdentifier>
    </Filter>
    <Filter Include="src\omicron\rendering\shading\material_property">
      <UniqueIdentifier>{402efa07-1cb0-4e6c-a2df-f1874b651233}</UniqueIdentifier>
    </Filter>
    <Filter Include="src\omicron\rendering\render_texture">
      <UniqueIdentifier>{4fac0faf-eb81-43c9-827a-71f207d566d4}</UniqueIdentifier>
    </Filter>
  </ItemGroup>
  <ItemGroup>
    <ClInclude Include="lib\Utilitron\MacroUtil.hpp">
      <Filter>lib\Utilitron</Filter>
    </ClInclude>
    <ClInclude Include="lib\Utilitron\MathUtil.hpp">
      <Filter>lib\Utilitron</Filter>
    </ClInclude>
    <ClInclude Include="lib\Utilitron\StringUtil.hpp">
      <Filter>lib\Utilitron</Filter>
    </ClInclude>
    <ClInclude Include="lib\Utilitron\exceptions\Exception.hpp">
      <Filter>lib\Utilitron\exceptions</Filter>
    </ClInclude>
    <ClInclude Include="lib\Utilitron\TimeUtil.hpp">
      <Filter>lib\Utilitron</Filter>
    </ClInclude>
    <ClInclude Include="lib\Utilitron\TypeUtil.hpp">
      <Filter>lib\Utilitron</Filter>
    </ClInclude>
    <ClInclude Include="src\omicron\Omicron.hpp">
      <Filter>src\omicron</Filter>
    </ClInclude>
    <ClInclude Include="src\omicron\display\Window.hpp">
      <Filter>src\omicron\display</Filter>
    </ClInclude>
    <ClInclude Include="src\omicron\entity\ComponentTable.hpp">
      <Filter>src\omicron\entity</Filter>
    </ClInclude>
    <ClInclude Include="src\omicron\entity\Entity.hpp">
      <Filter>src\omicron\entity</Filter>
    </ClInclude>
    <ClInclude Include="src\omicron\logic\FPSManager.hpp">
      <Filter>src\omicron\logic</Filter>
    </ClInclude>
    <ClInclude Include="src\omicron\logic\LogicManager.hpp">
      <Filter>src\omicron\logic</Filter>
    </ClInclude>
    <ClInclude Include="src\omicron\rendering\Renderer.hpp">
      <Filter>src\omicron\rendering</Filter>
    </ClInclude>
    <ClInclude Include="src\omicron\scene\Scene.hpp">
      <Filter>src\omicron\scene</Filter>
    </ClInclude>
    <ClInclude Include="src\omicron\settings\DisplaySettings.hpp">
      <Filter>src\omicron\settings</Filter>
    </ClInclude>
    <ClInclude Include="src\omicron\settings\RenderSettings.hpp">
      <Filter>src\omicron\settings</Filter>
    </ClInclude>
    <ClInclude Include="src\omicron\rendering\RenderLists.hpp">
      <Filter>src\omicron\rendering</Filter>
    </ClInclude>
    <ClInclude Include="lib\Utilitron\exceptions\CollectionException.hpp">
      <Filter>lib\Utilitron\exceptions</Filter>
    </ClInclude>
    <ClInclude Include="src\override\ResourceGroups.hpp">
      <Filter>src\override</Filter>
    </ClInclude>
    <ClInclude Include="src\omicron\component\Component.hpp">
      <Filter>src\omicron\component</Filter>
    </ClInclude>
    <ClInclude Include="src\omicron\component\Transform.hpp">
      <Filter>src\omicron\component</Filter>
    </ClInclude>
    <ClInclude Include="src\omicron\component\renderable\Renderable.hpp">
      <Filter>src\omicron\component\renderable</Filter>
    </ClInclude>
    <ClInclude Include="src\override\StartUp.hpp">
      <Filter>src\override</Filter>
    </ClInclude>
    <ClInclude Include="src\omicron\resource\ResourceManager.hpp">
      <Filter>src\omicron\resource</Filter>
    </ClInclude>
    <ClInclude Include="src\omicron\rendering\data\structure\Geometry.hpp">
      <Filter>src\omicron\rendering\object_data</Filter>
    </ClInclude>
    <ClInclude Include="src\omicron\rendering\shading\Material.hpp">
      <Filter>src\omicron\rendering\shading</Filter>
    </ClInclude>
    <ClInclude Include="src\omicron\rendering\shading\Texture.hpp">
      <Filter>src\omicron\rendering\shading</Filter>
    </ClInclude>
    <ClInclude Include="src\omicron\resource\loader\Loaders.hpp">
      <Filter>src\omicron\resource\loader</Filter>
    </ClInclude>
    <ClInclude Include="src\omicron\rendering\shading\Shader.hpp">
      <Filter>src\omicron\rendering\shading</Filter>
    </ClInclude>
    <ClInclude Include="lib\Utilitron\FileUtil.hpp">
      <Filter>lib\Utilitron</Filter>
    </ClInclude>
    <ClInclude Include="src\omicron\component\renderable\Mesh.hpp">
      <Filter>src\omicron\component\renderable</Filter>
    </ClInclude>
    <ClInclude Include="src\omicron\component\renderable\Sprite.hpp">
      <Filter>src\omicron\component\renderable</Filter>
    </ClInclude>
    <ClInclude Include="src\omicron\resource\type\TextureResource.hpp">
      <Filter>src\omicron\resource\type</Filter>
    </ClInclude>
    <ClInclude Include="src\resource_pack\Packs.hpp">
      <Filter>src\resource_pack</Filter>
    </ClInclude>
    <ClInclude Include="src\omicron\resource\type\Resource.hpp">
      <Filter>src\omicron\resource\type</Filter>
    </ClInclude>
    <ClInclude Include="src\omicron\resource\type\ShaderResource.hpp">
      <Filter>src\omicron\resource\type</Filter>
    </ClInclude>
    <ClInclude Include="src\omicron\resource\type\MaterialResource.hpp">
      <Filter>src\omicron\resource\type</Filter>
    </ClInclude>
    <ClInclude Include="src\omicron\resource\type\GeometryResource.hpp">
      <Filter>src\omicron\resource\type</Filter>
    </ClInclude>
    <ClInclude Include="src\omicron\resource\type\MeshResource.hpp">
      <Filter>src\omicron\resource\type</Filter>
    </ClInclude>
    <ClInclude Include="src\omicron\resource\type\SpriteResource.hpp">
      <Filter>src\omicron\resource\type</Filter>
    </ClInclude>
    <ClInclude Include="src\omicron\rendering\shading\Animation.hpp">
      <Filter>src\omicron\rendering\shading</Filter>
    </ClInclude>
    <ClInclude Include="src\scenes\StartUpScene.hpp">
      <Filter>src\omicron\scene</Filter>
    </ClInclude>
    <ClInclude Include="src\omicron\component\Camera.hpp">
      <Filter>src\omicron\component</Filter>
    </ClInclude>
    <ClInclude Include="src\entities\start_up\OmicronLogo.hpp">
      <Filter>src\entities\start_up</Filter>
    </ClInclude>
    <ClInclude Include="src\omicron\input\Input.hpp">
      <Filter>src\omicron\input</Filter>
    </ClInclude>
    <ClInclude Include="src\omicron\settings\SystemSettings.hpp">
      <Filter>src\omicron\settings</Filter>
    </ClInclude>
    <ClInclude Include="src\omicron\settings\AudioSettings.hpp">
      <Filter>src\omicron\settings</Filter>
    </ClInclude>
    <ClInclude Include="src\omicron\resource\type\SoundResource.hpp">
      <Filter>src\omicron\resource\type</Filter>
    </ClInclude>
    <ClInclude Include="src\omicron\audio\SoundPool.hpp">
      <Filter>src\omicron\audio</Filter>
    </ClInclude>
    <ClInclude Include="src\omicron\component\updatable\Updatable.hpp">
      <Filter>src\omicron\component\updatable</Filter>
    </ClInclude>
    <ClInclude Include="src\omicron\component\updatable\audio\Music.hpp">
      <Filter>src\omicron\component\updatable\audio</Filter>
    </ClInclude>
    <ClInclude Include="src\omicron\component\physics\CollisionDetector.hpp">
      <Filter>src\omicron\component\physics</Filter>
    </ClInclude>
    <ClInclude Include="src\omicron\component\physics\Physics.hpp">
      <Filter>src\omicron\component\physics</Filter>
    </ClInclude>
    <ClInclude Include="src\omicron\physics\bounding\BoundingCircle.hpp">
      <Filter>src\omicron\physics\bounding</Filter>
    </ClInclude>
    <ClInclude Include="src\omicron\physics\bounding\BoundingShape.hpp">
      <Filter>src\omicron\physics\bounding</Filter>
    </ClInclude>
    <ClInclude Include="src\omicron\physics\collision_detect\CollisionDetect.hpp">
      <Filter>src\omicron\physics\collision_detect</Filter>
    </ClInclude>
    <ClInclude Include="src\scenes\start_up\StartUpScene.hpp">
      <Filter>src\scenes\start_up</Filter>
    </ClInclude>
    <ClInclude Include="src\omicron\utilities\TransformUtil.hpp">
      <Filter>src\omicron\utilities</Filter>
    </ClInclude>
    <ClInclude Include="src\omicron\utilities\VectorUtil.hpp">
      <Filter>src\omicron\utilities</Filter>
    </ClInclude>
    <ClInclude Include="src\data\layers\StartUpLayers.hpp">
      <Filter>src\omicron\data\layers</Filter>
    </ClInclude>
    <ClInclude Include="src\scenes\test\TestScene.hpp">
      <Filter>src\scenes\test</Filter>
    </ClInclude>
    <ClInclude Include="src\entities\test\TestPlayer.hpp">
      <Filter>src\entities\test</Filter>
    </ClInclude>
    <ClInclude Include="src\entities\test\TestEnvironment.hpp">
      <Filter>src\entities\test</Filter>
    </ClInclude>
    <ClInclude Include="src\entities\test\Human.hpp">
      <Filter>src\entities\test</Filter>
    </ClInclude>
    <ClInclude Include="src\entities\test\Monkey.hpp">
      <Filter>src\entities\test</Filter>
    </ClInclude>
    <ClInclude Include="src\omicron\component\light\Light.hpp">
      <Filter>src\omicron\component\light</Filter>
    </ClInclude>
    <ClInclude Include="src\omicron\component\light\PointLight.hpp">
      <Filter>src\omicron\component\light</Filter>
    </ClInclude>
    <ClInclude Include="src\omicron\component\light\DirectionalLight.hpp">
      <Filter>src\omicron\component\light</Filter>
    </ClInclude>
    <ClInclude Include="src\omicron\rendering\lighting\LightData.hpp">
      <Filter>src\omicron\rendering\lighting</Filter>
    </ClInclude>
    <ClInclude Include="src\omicron\component\light\SpotLight.hpp">
      <Filter>src\omicron\component\light</Filter>
    </ClInclude>
    <ClInclude Include="src\omicron\rendering\shading\material_property\Specular.hpp">
      <Filter>src\omicron\rendering\shading\material_property</Filter>
    </ClInclude>
    <ClInclude Include="src\omicron\rendering\render_texture\RenderTexture.hpp">
      <Filter>src\omicron\rendering\render_texture</Filter>
    </ClInclude>
    <ClInclude Include="src\omicron\rendering\render_texture\FinalRenderTexture.hpp">
      <Filter>src\omicron\rendering\render_texture</Filter>
    </ClInclude>
    <ClInclude Include="src\omicron\rendering\shading\material_property\Glow.hpp">
      <Filter>src\omicron\rendering\shading\material_property</Filter>
    </ClInclude>
    <ClInclude Include="src\omicron\rendering\render_texture\GlowFirstPassRenderTexture.hpp">
      <Filter>src\omicron\rendering\render_texture</Filter>
    </ClInclude>
    <ClInclude Include="src\omicron\rendering\render_texture\GlowBlurHorRenderTexture.hpp">
      <Filter>src\omicron\rendering\render_texture</Filter>
    </ClInclude>
    <ClInclude Include="src\omicron\rendering\render_texture\GlowBlurVertRenderTexture.hpp">
      <Filter>src\omicron\rendering\render_texture</Filter>
    </ClInclude>
    <ClInclude Include="src\omicron\rendering\render_texture\GlowCollateRenderTexture.hpp">
      <Filter>src\omicron\rendering\render_texture</Filter>
    </ClInclude>
    <ClInclude Include="src\entities\test\GlowCube.hpp">
      <Filter>src\entities\test</Filter>
    </ClInclude>
    <ClInclude Include="src\omicron\component\physics\CollisionChecker.hpp">
      <Filter>src\omicron\component\physics</Filter>
    </ClInclude>
    <ClInclude Include="src\omicron\resource\type\FontResource.hpp">
      <Filter>src\omicron\resource\type</Filter>
    </ClInclude>
    <ClInclude Include="src\omicron\component\renderable\Text.hpp">
      <Filter>src\omicron\component\renderable</Filter>
    </ClInclude>
    <ClInclude Include="src\omicron\resource\type\TextResource.hpp">
      <Filter>src\omicron\resource\type</Filter>
    </ClInclude>
    <ClInclude Include="src\omicron\rendering\lighting\ShadowMap.hpp">
      <Filter>src\omicron\rendering\lighting</Filter>
    </ClInclude>
    <ClInclude Include="src\entities\test\TestSun.hpp">
      <Filter>src\entities\test</Filter>
    </ClInclude>
    <ClInclude Include="src\entities\test\MapCube.hpp">
      <Filter>src\entities\test</Filter>
    </ClInclude>
    <ClInclude Include="src\entities\test\TestEvil.hpp">
      <Filter>src\entities\test</Filter>
    </ClInclude>
    <ClInclude Include="src\omicron\resource\type\KeyFrameMeshResource.hpp">
      <Filter>src\omicron\resource\type</Filter>
    </ClInclude>
    <ClInclude Include="src\omicron\component\renderable\KeyFrameMesh.hpp">
      <Filter>src\omicron\component\renderable</Filter>
    </ClInclude>
    <ClInclude Include="src\omicron\rendering\render_texture\VisCheckRenderTexture.hpp">
      <Filter>src\omicron\rendering\render_texture</Filter>
    </ClInclude>
    <ClInclude Include="src\entities\test\TestFps.hpp">
      <Filter>src\entities\test</Filter>
    </ClInclude>
    <ClInclude Include="src\omicron\rendering\VisibilityCheckThread.hpp">
      <Filter>src\omicron\rendering</Filter>
    </ClInclude>
    <ClInclude Include="lib\Utilitron\ThreadUtil.hpp">
      <Filter>lib\Utilitron</Filter>
    </ClInclude>
    <ClInclude Include="src\omicron\resource\VirtualFile.hpp">
      <Filter>src\omicron\resource</Filter>
    </ClInclude>
    <ClInclude Include="src\omicron\resource\ResourceServer.hpp">
      <Filter>src\omicron\resource</Filter>
    </ClInclude>
  </ItemGroup>
  <ItemGroup>
    <ClCompile Include="src\omicron\Omicron.cpp">
      <Filter>src\omicron</Filter>
    </ClCompile>
    <ClCompile Include="src\omicron\display\Window.cpp">
      <Filter>src\omicron\display</Filter>
    </ClCompile>
    <ClCompile Include="src\omicron\logic\FPSManager.cpp">
      <Filter>src\omicron\logic</Filter>
    </ClCompile>
    <ClCompile Include="src\omicron\logic\LogicManager.cpp">
      <Filter>src\omicron\logic</Filter>
    </ClCompile>
    <ClCompile Include="src\omicron\rendering\Renderer.cpp">
      <Filter>src\omicron\rendering</Filter>
    </ClCompile>
    <ClCompile Include="src\omicron\scene\Scene.cpp">
      <Filter>src\omicron\scene</Filter>
    </ClCompile>
    <ClCompile Include="src\omicron\settings\DisplaySettings.cpp">
      <Filter>src\omicron\settings</Filter>
    </ClCompile>
    <ClCompile Include="src\omicron\settings\RenderSettings.cpp">
      <Filter>src\omicron\settings</Filter>
    </ClCompile>
    <ClCompile Include="src\omicron\system\System.cpp">
      <Filter>src\omicron\system</Filter>
    </ClCompile>
    <ClCompile Include="src\omicron\entity\ComponentTable.cpp">
      <Filter>src\omicron\entity</Filter>
    </ClCompile>
    <ClCompile Include="src\omicron\rendering\RenderLists.cpp">
      <Filter>src\omicron\rendering</Filter>
    </ClCompile>
    <ClCompile Include="src\override\StartUp.cpp">
      <Filter>src\override</Filter>
    </ClCompile>
    <ClCompile Include="src\omicron\rendering\shading\Material.cpp">
      <Filter>src\omicron\rendering\shading</Filter>
    </ClCompile>
    <ClCompile Include="src\omicron\rendering\shading\Texture.cpp">
      <Filter>src\omicron\rendering\shading</Filter>
    </ClCompile>
    <ClCompile Include="src\omicron\resource\loader\GeometryLoader.cpp">
      <Filter>src\omicron\resource\loader</Filter>
    </ClCompile>
    <ClCompile Include="src\omicron\resource\loader\TextureLoader.cpp">
      <Filter>src\omicron\resource\loader</Filter>
    </ClCompile>
    <ClCompile Include="src\omicron\rendering\shading\Shader.cpp">
      <Filter>src\omicron\rendering\shading</Filter>
    </ClCompile>
    <ClCompile Include="src\omicron\resource\loader\ShaderLoader.cpp">
      <Filter>src\omicron\resource\loader</Filter>
    </ClCompile>
    <ClCompile Include="src\omicron\component\renderable\Mesh.cpp">
      <Filter>src\omicron\component\renderable</Filter>
    </ClCompile>
    <ClCompile Include="src\omicron\component\renderable\Sprite.cpp">
      <Filter>src\omicron\component\renderable</Filter>
    </ClCompile>
    <ClCompile Include="src\omicron\resource\type\TextureResource.cpp">
      <Filter>src\omicron\resource\type</Filter>
    </ClCompile>
    <ClCompile Include="src\omicron\resource\ResourceManager.cpp">
      <Filter>src\omicron\resource</Filter>
    </ClCompile>
    <ClCompile Include="src\omicron\resource\type\ShaderResource.cpp">
      <Filter>src\omicron\resource\type</Filter>
    </ClCompile>
    <ClCompile Include="src\omicron\resource\type\MaterialResource.cpp">
      <Filter>src\omicron\resource\type</Filter>
    </ClCompile>
    <ClCompile Include="src\omicron\resource\type\GeometryResource.cpp">
      <Filter>src\omicron\resource\type</Filter>
    </ClCompile>
    <ClCompile Include="src\omicron\resource\type\MeshResource.cpp">
      <Filter>src\omicron\resource\type</Filter>
    </ClCompile>
    <ClCompile Include="src\omicron\resource\type\SpriteResource.cpp">
      <Filter>src\omicron\resource\type</Filter>
    </ClCompile>
    <ClCompile Include="src\omicron\rendering\shading\Animation.cpp">
      <Filter>src\omicron\rendering\shading</Filter>
    </ClCompile>
    <ClCompile Include="src\omicron\component\Camera.cpp">
      <Filter>src\omicron\component</Filter>
    </ClCompile>
    <ClCompile Include="src\resource_pack\StartUpPack.cpp">
      <Filter>src\resource_pack</Filter>
    </ClCompile>
    <ClCompile Include="src\entities\start_up\OmicronLogo.cpp">
      <Filter>src\entities\start_up</Filter>
    </ClCompile>
    <ClCompile Include="src\resource_pack\AllPack.cpp">
      <Filter>src\resource_pack</Filter>
    </ClCompile>
    <ClCompile Include="src\omicron\input\Keyboard.cpp">
      <Filter>src\omicron\input</Filter>
    </ClCompile>
    <ClCompile Include="src\omicron\input\Mouse.cpp">
      <Filter>src\omicron\input</Filter>
    </ClCompile>
    <ClCompile Include="src\omicron\settings\SystemSettings.cpp">
      <Filter>src\omicron\settings</Filter>
    </ClCompile>
    <ClCompile Include="src\omicron\settings\AudioSettings.cpp">
      <Filter>src\omicron\settings</Filter>
    </ClCompile>
    <ClCompile Include="src\omicron\resource\type\SoundResource.cpp">
      <Filter>src\omicron\resource\type</Filter>
    </ClCompile>
    <ClCompile Include="src\omicron\audio\SoundPool.cpp">
      <Filter>src\omicron\audio</Filter>
    </ClCompile>
    <ClCompile Include="src\omicron\component\updatable\audio\Music.cpp">
      <Filter>src\omicron\component\updatable\audio</Filter>
    </ClCompile>
    <ClCompile Include="src\omicron\component\physics\CollisionDetector.cpp">
      <Filter>src\omicron\component\physics</Filter>
    </ClCompile>
    <ClCompile Include="src\omicron\physics\collision_detect\CollisionDetect.cpp">
      <Filter>src\omicron\physics\collision_detect</Filter>
    </ClCompile>
    <ClCompile Include="src\scenes\start_up\StartUpScene.cpp">
      <Filter>src\scenes\start_up</Filter>
    </ClCompile>
    <ClCompile Include="src\omicron\component\renderable\Renderable.cpp">
      <Filter>src\omicron\component\renderable</Filter>
    </ClCompile>
    <ClCompile Include="src\scenes\test\TestScene.cpp">
      <Filter>src\scenes\test</Filter>
    </ClCompile>
    <ClCompile Include="src\entities\test\TestPlayer.cpp">
      <Filter>src\entities\test</Filter>
    </ClCompile>
    <ClCompile Include="src\resource_pack\TestPack.cpp">
      <Filter>src\resource_pack</Filter>
    </ClCompile>
    <ClCompile Include="src\entities\test\TestEnvironment.cpp">
      <Filter>src\entities\test</Filter>
    </ClCompile>
    <ClCompile Include="src\entities\test\Human.cpp">
      <Filter>src\entities\test</Filter>
    </ClCompile>
    <ClCompile Include="src\entities\test\Monkey.cpp">
      <Filter>src\entities\test</Filter>
    </ClCompile>
    <ClCompile Include="src\omicron\component\light\Light.cpp">
      <Filter>src\omicron\component\light</Filter>
    </ClCompile>
    <ClCompile Include="src\omicron\component\light\PointLight.cpp">
      <Filter>src\omicron\component\light</Filter>
    </ClCompile>
    <ClCompile Include="src\omicron\component\light\DirectionalLight.cpp">
      <Filter>src\omicron\component\light</Filter>
    </ClCompile>
    <ClCompile Include="src\omicron\component\light\SpotLight.cpp">
      <Filter>src\omicron\component\light</Filter>
    </ClCompile>
    <ClCompile Include="src\omicron\rendering\shading\material_property\Specular.cpp">
      <Filter>src\omicron\rendering\shading\material_property</Filter>
    </ClCompile>
    <ClCompile Include="src\omicron\rendering\render_texture\RenderTexture.cpp">
      <Filter>src\omicron\rendering\render_texture</Filter>
    </ClCompile>
    <ClCompile Include="src\omicron\rendering\render_texture\FinalRenderTexture.cpp">
      <Filter>src\omicron\rendering\render_texture</Filter>
    </ClCompile>
    <ClCompile Include="src\omicron\rendering\shading\material_property\Glow.cpp">
      <Filter>src\omicron\rendering\shading\material_property</Filter>
    </ClCompile>
    <ClCompile Include="src\omicron\rendering\render_texture\GlowFirstPassRenderTexture.cpp">
      <Filter>src\omicron\rendering\render_texture</Filter>
    </ClCompile>
    <ClCompile Include="src\omicron\rendering\render_texture\GlowBlurHorRenderTexture.cpp">
      <Filter>src\omicron\rendering\render_texture</Filter>
    </ClCompile>
    <ClCompile Include="src\omicron\rendering\render_texture\GlowBlurVertRenderTexture.cpp">
      <Filter>src\omicron\rendering\render_texture</Filter>
    </ClCompile>
    <ClCompile Include="src\omicron\rendering\render_texture\GlowCollateRenderTexture.cpp">
      <Filter>src\omicron\rendering\render_texture</Filter>
    </ClCompile>
    <ClCompile Include="src\entities\test\GlowCube.cpp">
      <Filter>src\entities\test</Filter>
    </ClCompile>
    <ClCompile Include="src\omicron\component\physics\CollisionChecker.cpp">
      <Filter>src\omicron\component\physics</Filter>
    </ClCompile>
    <ClCompile Include="src\omicron\resource\type\FontResource.cpp">
      <Filter>src\omicron\resource\type</Filter>
    </ClCompile>
    <ClCompile Include="src\omicron\resource\loader\FontLoader.cpp">
      <Filter>src\omicron\resource\loader</Filter>
    </ClCompile>
    <ClCompile Include="src\omicron\component\renderable\Text.cpp">
      <Filter>src\omicron\component\renderable</Filter>
    </ClCompile>
    <ClCompile Include="src\omicron\resource\type\TextResource.cpp">
      <Filter>src\omicron\resource\type</Filter>
    </ClCompile>
    <ClCompile Include="src\omicron\rendering\lighting\ShadowMap.cpp">
      <Filter>src\omicron\rendering\lighting</Filter>
    </ClCompile>
    <ClCompile Include="src\entities\test\TestSun.cpp">
      <Filter>src\entities\test</Filter>
    </ClCompile>
    <ClCompile Include="src\entities\test\MapCube.cpp">
      <Filter>src\entities\test</Filter>
    </ClCompile>
    <ClCompile Include="src\entities\test\TestEvil.cpp">
      <Filter>src\entities\test</Filter>
    </ClCompile>
    <ClCompile Include="src\omicron\resource\type\KeyFrameMeshResource.cpp">
      <Filter>src\omicron\resource\type</Filter>
    </ClCompile>
    <ClCompile Include="src\omicron\component\renderable\KeyFrameMesh.cpp">
      <Filter>src\omicron\component\renderable</Filter>
    </ClCompile>
    <ClCompile Include="src\omicron\rendering\render_texture\VisCheckRenderTexture.cpp">
      <Filter>src\omicron\rendering\render_texture</Filter>
    </ClCompile>
    <ClCompile Include="src\entities\test\TestFps.cpp">
      <Filter>src\entities\test</Filter>
    </ClCompile>
    <ClCompile Include="src\omicron\rendering\VisibilityCheckThread.cpp">
      <Filter>src\omicron\rendering</Filter>
    </ClCompile>
    <ClCompile Include="src\omicron\resource\VirtualFile.cpp">
      <Filter>src\omicron\resource</Filter>
    </ClCompile>
    <ClCompile Include="src\omicron\resource\ResourceServer.cpp">
      <Filter>src\omicron\resource</Filter>
    </ClCompile>
  </ItemGroup>
</Project>